
Microsoft Visual Studio Solution File, Format Version 12.00
# Visual Studio Version 16
VisualStudioVersion = 16.0.30204.135
MinimumVisualStudioVersion = 10.0.40219.1
Project("{FAE04EC0-301F-11D3-BF4B-00C04F79EFBC}") = "sample_4_8", "sample_4_8\sample_4_8.csproj", "{E5DE50C4-E29B-4185-AD58-A5DE4155B77D}"
EndProject
Global
	GlobalSection(SolutionConfigurationPlatforms) = preSolution
		Debug|Any CPU = Debug|Any CPU
		Release|Any CPU = Release|Any CPU
	EndGlobalSection
	GlobalSection(ProjectConfigurationPlatforms) = postSolution
		{E5DE50C4-E29B-4185-AD58-A5DE4155B77D}.Debug|Any CPU.ActiveCfg = Debug|Any CPU
		{E5DE50C4-E29B-4185-AD58-A5DE4155B77D}.Debug|Any CPU.Build.0 = Debug|Any CPU
		{E5DE50C4-E29B-4185-AD58-A5DE4155B77D}.Release|Any CPU.ActiveCfg = Release|Any CPU
		{E5DE50C4-E29B-4185-AD58-A5DE4155B77D}.Release|Any CPU.Build.0 = Release|Any CPU
	EndGlobalSection
	GlobalSection(SolutionProperties) = preSolution
		HideSolutionNode = FALSE
	EndGlobalSection
	GlobalSection(ExtensibilityGlobals) = postSolution
		SolutionGuid = {DB3B3819-C204-481A-A84B-F596117FC292}
	EndGlobalSection
EndGlobal
